
Microsoft Visual Studio Solution File, Format Version 10.00
# Visual Studio 2008
Project("{FAE04EC0-301F-11D3-BF4B-00C04F79EFBC}") = "MemPowered", "MemPowered\MemPowered.csproj", "{BCCF8ED9-A1C0-4069-BFF5-8E8522771417}"
EndProject
Global
	GlobalSection(SolutionConfigurationPlatforms) = preSolution
		Debug|Any CPU = Debug|Any CPU
		Release|Any CPU = Release|Any CPU
	EndGlobalSection
	GlobalSection(ProjectConfigurationPlatforms) = postSolution
		{BCCF8ED9-A1C0-4069-BFF5-8E8522771417}.Debug|Any CPU.ActiveCfg = Debug|Any CPU
		{BCCF8ED9-A1C0-4069-BFF5-8E8522771417}.Debug|Any CPU.Build.0 = Debug|Any CPU
		{BCCF8ED9-A1C0-4069-BFF5-8E8522771417}.Release|Any CPU.ActiveCfg = Release|Any CPU
		{BCCF8ED9-A1C0-4069-BFF5-8E8522771417}.Release|Any CPU.Build.0 = Release|Any CPU
	EndGlobalSection
	GlobalSection(SolutionProperties) = preSolution
		HideSolutionNode = FALSE
	EndGlobalSection
EndGlobal
